// !$*UTF8*$!
{
	archiveVersion = 1;
	classes = {
	};
	objectVersion = 50;
	objects = {

/* Begin PBXBuildFile section */
		9DE37AF72694E070005FC562 /* Makefile in Sources */ = {isa = PBXBuildFile; fileRef = 9DE37AF62694E070005FC562 /* Makefile */; };
		9DE37AFA2694E070005FC562 /* config.txt in CopyFiles */ = {isa = PBXBuildFile; fileRef = 9DE37AF92694E070005FC562 /* config.txt */; };
		9DE37AFC2694E070005FC562 /* createDiskImage in CopyFiles */ = {isa = PBXBuildFile; fileRef = 9DE37AFB2694E070005FC562 /* createDiskImage */; };
		9DE37AFE2694E070005FC562 /* head.mk in CopyFiles */ = {isa = PBXBuildFile; fileRef = 9DE37AFD2694E070005FC562 /* head.mk */; };
		9DE37B002694E070005FC562 /* launchEmulator in CopyFiles */ = {isa = PBXBuildFile; fileRef = 9DE37AFF2694E070005FC562 /* launchEmulator */; };
		9DE37B022694E070005FC562 /* md2teach in CopyFiles */ = {isa = PBXBuildFile; fileRef = 9DE37B012694E070005FC562 /* md2teach */; };
		9DE37B042694E070005FC562 /* orca-asm in CopyFiles */ = {isa = PBXBuildFile; fileRef = 9DE37B032694E070005FC562 /* orca-asm */; };
		9DE37B062694E070005FC562 /* orca-cc in CopyFiles */ = {isa = PBXBuildFile; fileRef = 9DE37B052694E070005FC562 /* orca-cc */; };
		9DE37B082694E070005FC562 /* orca-rez in CopyFiles */ = {isa = PBXBuildFile; fileRef = 9DE37B072694E070005FC562 /* orca-rez */; };
		9DE37B0A2694E070005FC562 /* system601.2mg in CopyFiles */ = {isa = PBXBuildFile; fileRef = 9DE37B092694E070005FC562 /* system601.2mg */; };
		9DE37B0E2694E070005FC562 /* tar in CopyFiles */ = {isa = PBXBuildFile; fileRef = 9DE37B0D2694E070005FC562 /* tar */; };
		9DE37B102694E070005FC562 /* tail.mk in CopyFiles */ = {isa = PBXBuildFile; fileRef = 9DE37B0F2694E070005FC562 /* tail.mk */; };
		9DE37B132694E070005FC562 /* BuGS.xcscheme in CopyFiles */ = {isa = PBXBuildFile; fileRef = 9DE37B122694E070005FC562 /* BuGS.xcscheme */; };
		9DE37B742694E0B0005FC562 /* level.s in Sources */ = {isa = PBXBuildFile; fileRef = 9DE37B332694E0B0005FC562 /* level.s */; };
		9DE37B752694E0B0005FC562 /* tileConvert.s in Sources */ = {isa = PBXBuildFile; fileRef = 9DE37B342694E0B0005FC562 /* tileConvert.s */; };
		9DE37B762694E0B0005FC562 /* gameSpider.s in Sources */ = {isa = PBXBuildFile; fileRef = 9DE37B362694E0B0005FC562 /* gameSpider.s */; };
		9DE37B772694E0B0005FC562 /* netScores.c in Sources */ = {isa = PBXBuildFile; fileRef = 9DE37B372694E0B0005FC562 /* netScores.c */; };
		9DE37B782694E0B0005FC562 /* game.s in Sources */ = {isa = PBXBuildFile; fileRef = 9DE37B382694E0B0005FC562 /* game.s */; };
		9DE37B792694E0B0005FC562 /* gameShot.s in Sources */ = {isa = PBXBuildFile; fileRef = 9DE37B3A2694E0B0005FC562 /* gameShot.s */; };
		9DE37B7A2694E0B0005FC562 /* loadSounds.c in Sources */ = {isa = PBXBuildFile; fileRef = 9DE37B3B2694E0B0005FC562 /* loadSounds.c */; };
		9DE37B7B2694E0B0005FC562 /* gameMushroom.s in Sources */ = {isa = PBXBuildFile; fileRef = 9DE37B3D2694E0B0005FC562 /* gameMushroom.s */; };
		9DE37B7C2694E0B0005FC562 /* globals.s in Sources */ = {isa = PBXBuildFile; fileRef = 9DE37B3F2694E0B0005FC562 /* globals.s */; };
		9DE37B7D2694E0B0005FC562 /* gameSegments.s in Sources */ = {isa = PBXBuildFile; fileRef = 9DE37B402694E0B0005FC562 /* gameSegments.s */; };
		9DE37B7E2694E0B0005FC562 /* score.s in Sources */ = {isa = PBXBuildFile; fileRef = 9DE37B412694E0B0005FC562 /* score.s */; };
		9DE37B7F2694E0B0005FC562 /* gamePlayer.s in Sources */ = {isa = PBXBuildFile; fileRef = 9DE37B422694E0B0005FC562 /* gamePlayer.s */; };
		9DE37B802694E0B0005FC562 /* gameFlea.s in Sources */ = {isa = PBXBuildFile; fileRef = 9DE37B452694E0B0005FC562 /* gameFlea.s */; };
		9DE37B812694E0B0005FC562 /* main.c in Sources */ = {isa = PBXBuildFile; fileRef = 9DE37B472694E0B0005FC562 /* main.c */; };
		9DE37B822694E0B0005FC562 /* settings.c in Sources */ = {isa = PBXBuildFile; fileRef = 9DE37B482694E0B0005FC562 /* settings.c */; };
		9DE37B832694E0B0005FC562 /* colour.s in Sources */ = {isa = PBXBuildFile; fileRef = 9DE37B492694E0B0005FC562 /* colour.s */; };
		9DE37B842694E0B0005FC562 /* ship.s in Sources */ = {isa = PBXBuildFile; fileRef = 9DE37B4B2694E0B0005FC562 /* ship.s */; };
		9DE37B852694E0B0005FC562 /* solid.s in Sources */ = {isa = PBXBuildFile; fileRef = 9DE37B4C2694E0B0005FC562 /* solid.s */; };
		9DE37B862694E0B0005FC562 /* numbers.s in Sources */ = {isa = PBXBuildFile; fileRef = 9DE37B4D2694E0B0005FC562 /* numbers.s */; };
		9DE37B872694E0B0005FC562 /* symbols.s in Sources */ = {isa = PBXBuildFile; fileRef = 9DE37B4E2694E0B0005FC562 /* symbols.s */; };
		9DE37B882694E0B0005FC562 /* segments.s in Sources */ = {isa = PBXBuildFile; fileRef = 9DE37B502694E0B0005FC562 /* segments.s */; };
		9DE37B892694E0B0005FC562 /* fleas.s in Sources */ = {isa = PBXBuildFile; fileRef = 9DE37B512694E0B0005FC562 /* fleas.s */; };
		9DE37B8A2694E0B0005FC562 /* spiders.s in Sources */ = {isa = PBXBuildFile; fileRef = 9DE37B522694E0B0005FC562 /* spiders.s */; };
		9DE37B8B2694E0B0005FC562 /* scores.s in Sources */ = {isa = PBXBuildFile; fileRef = 9DE37B532694E0B0005FC562 /* scores.s */; };
		9DE37B8C2694E0B0005FC562 /* explosions.s in Sources */ = {isa = PBXBuildFile; fileRef = 9DE37B542694E0B0005FC562 /* explosions.s */; };
		9DE37B8D2694E0B0005FC562 /* scorpions.s in Sources */ = {isa = PBXBuildFile; fileRef = 9DE37B552694E0B0005FC562 /* scorpions.s */; };
		9DE37B8E2694E0B0005FC562 /* shot.s in Sources */ = {isa = PBXBuildFile; fileRef = 9DE37B562694E0B0005FC562 /* shot.s */; };
		9DE37B8F2694E0B0005FC562 /* letters.s in Sources */ = {isa = PBXBuildFile; fileRef = 9DE37B582694E0B0005FC562 /* letters.s */; };
		9DE37B902694E0B0005FC562 /* mushrooms.s in Sources */ = {isa = PBXBuildFile; fileRef = 9DE37B592694E0B0005FC562 /* mushrooms.s */; };
		9DE37B912694E0B0005FC562 /* random.s in Sources */ = {isa = PBXBuildFile; fileRef = 9DE37B5A2694E0B0005FC562 /* random.s */; };
		9DE37B922694E0B0005FC562 /* gameScorpion.s in Sources */ = {isa = PBXBuildFile; fileRef = 9DE37B5B2694E0B0005FC562 /* gameScorpion.s */; };
		9DE37B932694E0B0005FC562 /* gameSound.s in Sources */ = {isa = PBXBuildFile; fileRef = 9DE37B722694E0B0005FC562 /* gameSound.s */; };
/* End PBXBuildFile section */

/* Begin PBXCopyFilesBuildPhase section */
		9DE37AED2694E070005FC562 /* CopyFiles */ = {
			isa = PBXCopyFilesBuildPhase;
			buildActionMask = 2147483647;
			dstPath = /usr/share/man/man1/;
			dstSubfolderSpec = 0;
			files = (
				9DE37B022694E070005FC562 /* md2teach in CopyFiles */,
				9DE37B082694E070005FC562 /* orca-rez in CopyFiles */,
				9DE37B102694E070005FC562 /* tail.mk in CopyFiles */,
				9DE37B002694E070005FC562 /* launchEmulator in CopyFiles */,
				9DE37B042694E070005FC562 /* orca-asm in CopyFiles */,
				9DE37B132694E070005FC562 /* BuGS.xcscheme in CopyFiles */,
				9DE37AFC2694E070005FC562 /* createDiskImage in CopyFiles */,
				9DE37B0E2694E070005FC562 /* tar in CopyFiles */,
				9DE37AFA2694E070005FC562 /* config.txt in CopyFiles */,
				9DE37AFE2694E070005FC562 /* head.mk in CopyFiles */,
				9DE37B062694E070005FC562 /* orca-cc in CopyFiles */,
				9DE37B0A2694E070005FC562 /* system601.2mg in CopyFiles */,
			);
			runOnlyForDeploymentPostprocessing = 1;
		};
/* End PBXCopyFilesBuildPhase section */

/* Begin PBXFileReference section */
		9DE37AE52694E070005FC562 /* BuGS */ = {isa = PBXFileReference; explicitFileType = "compiled.mach-o.executable"; includeInIndex = 0; path = BuGS; sourceTree = BUILT_PRODUCTS_DIR; };
		9DE37AE82694E070005FC562 /* BuGS.2mg */ = {isa = PBXFileReference; explicitFileType = "compiled.mach-o.executable"; includeInIndex = 0; path = BuGS.2mg; sourceTree = BUILT_PRODUCTS_DIR; };
		9DE37AEA2694E070005FC562 /* BuGS.shk */ = {isa = PBXFileReference; explicitFileType = "compiled.mach-o.executable"; includeInIndex = 0; path = BuGS.shk; sourceTree = BUILT_PRODUCTS_DIR; };
		9DE37AEF2694E070005FC562 /* doNotBuild */ = {isa = PBXFileReference; explicitFileType = "compiled.mach-o.executable"; includeInIndex = 0; path = doNotBuild; sourceTree = BUILT_PRODUCTS_DIR; };
		9DE37AF62694E070005FC562 /* Makefile */ = {isa = PBXFileReference; lastKnownFileType = sourcecode.make; path = Makefile; sourceTree = "<group>"; };
		9DE37AF92694E070005FC562 /* config.txt */ = {isa = PBXFileReference; lastKnownFileType = text; path = config.txt; sourceTree = "<group>"; };
		9DE37AFB2694E070005FC562 /* createDiskImage */ = {isa = PBXFileReference; lastKnownFileType = text.script.sh; path = createDiskImage; sourceTree = "<group>"; };
		9DE37AFD2694E070005FC562 /* head.mk */ = {isa = PBXFileReference; lastKnownFileType = text; path = head.mk; sourceTree = "<group>"; };
		9DE37AFF2694E070005FC562 /* launchEmulator */ = {isa = PBXFileReference; lastKnownFileType = text.script.sh; path = launchEmulator; sourceTree = "<group>"; };
		9DE37B012694E070005FC562 /* md2teach */ = {isa = PBXFileReference; lastKnownFileType = file; path = md2teach; sourceTree = "<group>"; };
		9DE37B032694E070005FC562 /* orca-asm */ = {isa = PBXFileReference; lastKnownFileType = text.script.sh; path = "orca-asm"; sourceTree = "<group>"; };
		9DE37B052694E070005FC562 /* orca-cc */ = {isa = PBXFileReference; lastKnownFileType = text.script.sh; path = "orca-cc"; sourceTree = "<group>"; };
		9DE37B072694E070005FC562 /* orca-rez */ = {isa = PBXFileReference; lastKnownFileType = text.script.sh; path = "orca-rez"; sourceTree = "<group>"; };
		9DE37B092694E070005FC562 /* system601.2mg */ = {isa = PBXFileReference; lastKnownFileType = file; path = system601.2mg; sourceTree = "<group>"; };
		9DE37B0D2694E070005FC562 /* tar */ = {isa = PBXFileReference; lastKnownFileType = file; path = tar; sourceTree = "<group>"; };
		9DE37B0F2694E070005FC562 /* tail.mk */ = {isa = PBXFileReference; lastKnownFileType = text; path = tail.mk; sourceTree = "<group>"; };
		9DE37B122694E070005FC562 /* BuGS.xcscheme */ = {isa = PBXFileReference; lastKnownFileType = text.xml; name = BuGS.xcscheme; path = ../../BuGS.xcodeproj/xcshareddata/xcschemes/BuGS.xcscheme; sourceTree = "<group>"; };
		9DE37B292694E088005FC562 /* LICENSE */ = {isa = PBXFileReference; lastKnownFileType = text; path = LICENSE; sourceTree = "<group>"; };
		9DE37B2A2694E088005FC562 /* BuGS.png */ = {isa = PBXFileReference; lastKnownFileType = image.png; path = BuGS.png; sourceTree = "<group>"; };
		9DE37B2B2694E088005FC562 /* BUGS.md */ = {isa = PBXFileReference; lastKnownFileType = net.daringfireball.markdown; path = BUGS.md; sourceTree = "<group>"; };
		9DE37B2C2694E088005FC562 /* README.md */ = {isa = PBXFileReference; lastKnownFileType = net.daringfireball.markdown; path = README.md; sourceTree = "<group>"; };
		9DE37B2D2694E088005FC562 /* TODO.md */ = {isa = PBXFileReference; lastKnownFileType = net.daringfireball.markdown; path = TODO.md; sourceTree = "<group>"; };
		9DE37B2E2694E088005FC562 /* ACKNOWLEDGEMENTS.md */ = {isa = PBXFileReference; lastKnownFileType = net.daringfireball.markdown; path = ACKNOWLEDGEMENTS.md; sourceTree = "<group>"; };
		9DE37B332694E0B0005FC562 /* level.s */ = {isa = PBXFileReference; fileEncoding = 4; lastKnownFileType = sourcecode.asm; path = level.s; sourceTree = "<group>"; };
		9DE37B342694E0B0005FC562 /* tileConvert.s */ = {isa = PBXFileReference; fileEncoding = 4; lastKnownFileType = sourcecode.asm; path = tileConvert.s; sourceTree = "<group>"; };
		9DE37B352694E0B0005FC562 /* main.rez */ = {isa = PBXFileReference; fileEncoding = 4; lastKnownFileType = sourcecode.rez; path = main.rez; sourceTree = "<group>"; };
		9DE37B362694E0B0005FC562 /* gameSpider.s */ = {isa = PBXFileReference; fileEncoding = 4; lastKnownFileType = sourcecode.asm; path = gameSpider.s; sourceTree = "<group>"; };
		9DE37B372694E0B0005FC562 /* netScores.c */ = {isa = PBXFileReference; fileEncoding = 4; lastKnownFileType = sourcecode.c.c; path = netScores.c; sourceTree = "<group>"; };
		9DE37B382694E0B0005FC562 /* game.s */ = {isa = PBXFileReference; fileEncoding = 4; lastKnownFileType = sourcecode.asm; path = game.s; sourceTree = "<group>"; };
		9DE37B392694E0B0005FC562 /* main.h */ = {isa = PBXFileReference; fileEncoding = 4; lastKnownFileType = sourcecode.c.h; path = main.h; sourceTree = "<group>"; };
		9DE37B3A2694E0B0005FC562 /* gameShot.s */ = {isa = PBXFileReference; fileEncoding = 4; lastKnownFileType = sourcecode.asm; path = gameShot.s; sourceTree = "<group>"; };
		9DE37B3B2694E0B0005FC562 /* loadSounds.c */ = {isa = PBXFileReference; fileEncoding = 4; lastKnownFileType = sourcecode.c.c; path = loadSounds.c; sourceTree = "<group>"; };
		9DE37B3C2694E0B0005FC562 /* loadSounds.h */ = {isa = PBXFileReference; fileEncoding = 4; lastKnownFileType = sourcecode.c.h; path = loadSounds.h; sourceTree = "<group>"; };
		9DE37B3D2694E0B0005FC562 /* gameMushroom.s */ = {isa = PBXFileReference; fileEncoding = 4; lastKnownFileType = sourcecode.asm; path = gameMushroom.s; sourceTree = "<group>"; };
		9DE37B3E2694E0B0005FC562 /* netScores.h */ = {isa = PBXFileReference; fileEncoding = 4; lastKnownFileType = sourcecode.c.h; path = netScores.h; sourceTree = "<group>"; };
		9DE37B3F2694E0B0005FC562 /* globals.s */ = {isa = PBXFileReference; fileEncoding = 4; lastKnownFileType = sourcecode.asm; path = globals.s; sourceTree = "<group>"; };
		9DE37B402694E0B0005FC562 /* gameSegments.s */ = {isa = PBXFileReference; fileEncoding = 4; lastKnownFileType = sourcecode.asm; path = gameSegments.s; sourceTree = "<group>"; };
		9DE37B412694E0B0005FC562 /* score.s */ = {isa = PBXFileReference; fileEncoding = 4; lastKnownFileType = sourcecode.asm; path = score.s; sourceTree = "<group>"; };
		9DE37B422694E0B0005FC562 /* gamePlayer.s */ = {isa = PBXFileReference; fileEncoding = 4; lastKnownFileType = sourcecode.asm; path = gamePlayer.s; sourceTree = "<group>"; };
		9DE37B432694E0B0005FC562 /* Read.Me.md */ = {isa = PBXFileReference; fileEncoding = 4; lastKnownFileType = net.daringfireball.markdown; path = Read.Me.md; sourceTree = "<group>"; };
		9DE37B442694E0B0005FC562 /* global.macros */ = {isa = PBXFileReference; fileEncoding = 4; lastKnownFileType = text; path = global.macros; sourceTree = "<group>"; };
		9DE37B452694E0B0005FC562 /* gameFlea.s */ = {isa = PBXFileReference; fileEncoding = 4; lastKnownFileType = sourcecode.asm; path = gameFlea.s; sourceTree = "<group>"; };
		9DE37B462694E0B0005FC562 /* settings.h */ = {isa = PBXFileReference; fileEncoding = 4; lastKnownFileType = sourcecode.c.h; path = settings.h; sourceTree = "<group>"; };
		9DE37B472694E0B0005FC562 /* main.c */ = {isa = PBXFileReference; fileEncoding = 4; lastKnownFileType = sourcecode.c.c; path = main.c; sourceTree = "<group>"; };
		9DE37B482694E0B0005FC562 /* settings.c */ = {isa = PBXFileReference; fileEncoding = 4; lastKnownFileType = sourcecode.c.c; path = settings.c; sourceTree = "<group>"; };
		9DE37B492694E0B0005FC562 /* colour.s */ = {isa = PBXFileReference; fileEncoding = 4; lastKnownFileType = sourcecode.asm; path = colour.s; sourceTree = "<group>"; };
		9DE37B4B2694E0B0005FC562 /* ship.s */ = {isa = PBXFileReference; fileEncoding = 4; lastKnownFileType = sourcecode.asm; path = ship.s; sourceTree = "<group>"; };
		9DE37B4C2694E0B0005FC562 /* solid.s */ = {isa = PBXFileReference; fileEncoding = 4; lastKnownFileType = sourcecode.asm; path = solid.s; sourceTree = "<group>"; };
		9DE37B4D2694E0B0005FC562 /* numbers.s */ = {isa = PBXFileReference; fileEncoding = 4; lastKnownFileType = sourcecode.asm; path = numbers.s; sourceTree = "<group>"; };
		9DE37B4E2694E0B0005FC562 /* symbols.s */ = {isa = PBXFileReference; fileEncoding = 4; lastKnownFileType = sourcecode.asm; path = symbols.s; sourceTree = "<group>"; };
		9DE37B4F2694E0B0005FC562 /* sprites.md */ = {isa = PBXFileReference; fileEncoding = 4; lastKnownFileType = net.daringfireball.markdown; path = sprites.md; sourceTree = "<group>"; };
		9DE37B502694E0B0005FC562 /* segments.s */ = {isa = PBXFileReference; fileEncoding = 4; lastKnownFileType = sourcecode.asm; path = segments.s; sourceTree = "<group>"; };
		9DE37B512694E0B0005FC562 /* fleas.s */ = {isa = PBXFileReference; fileEncoding = 4; lastKnownFileType = sourcecode.asm; path = fleas.s; sourceTree = "<group>"; };
		9DE37B522694E0B0005FC562 /* spiders.s */ = {isa = PBXFileReference; fileEncoding = 4; lastKnownFileType = sourcecode.asm; path = spiders.s; sourceTree = "<group>"; };
		9DE37B532694E0B0005FC562 /* scores.s */ = {isa = PBXFileReference; fileEncoding = 4; lastKnownFileType = sourcecode.asm; path = scores.s; sourceTree = "<group>"; };
		9DE37B542694E0B0005FC562 /* explosions.s */ = {isa = PBXFileReference; fileEncoding = 4; lastKnownFileType = sourcecode.asm; path = explosions.s; sourceTree = "<group>"; };
		9DE37B552694E0B0005FC562 /* scorpions.s */ = {isa = PBXFileReference; fileEncoding = 4; lastKnownFileType = sourcecode.asm; path = scorpions.s; sourceTree = "<group>"; };
		9DE37B562694E0B0005FC562 /* shot.s */ = {isa = PBXFileReference; fileEncoding = 4; lastKnownFileType = sourcecode.asm; path = shot.s; sourceTree = "<group>"; };
		9DE37B572694E0B0005FC562 /* sprites.macros */ = {isa = PBXFileReference; fileEncoding = 4; lastKnownFileType = text; path = sprites.macros; sourceTree = "<group>"; };
		9DE37B582694E0B0005FC562 /* letters.s */ = {isa = PBXFileReference; fileEncoding = 4; lastKnownFileType = sourcecode.asm; path = letters.s; sourceTree = "<group>"; };
		9DE37B592694E0B0005FC562 /* mushrooms.s */ = {isa = PBXFileReference; fileEncoding = 4; lastKnownFileType = sourcecode.asm; path = mushrooms.s; sourceTree = "<group>"; };
		9DE37B5A2694E0B0005FC562 /* random.s */ = {isa = PBXFileReference; fileEncoding = 4; lastKnownFileType = sourcecode.asm; path = random.s; sourceTree = "<group>"; };
		9DE37B5B2694E0B0005FC562 /* gameScorpion.s */ = {isa = PBXFileReference; fileEncoding = 4; lastKnownFileType = sourcecode.asm; path = gameScorpion.s; sourceTree = "<group>"; };
		9DE37B5D2694E0B0005FC562 /* flea.raw */ = {isa = PBXFileReference; lastKnownFileType = file; path = flea.raw; sourceTree = "<group>"; };
		9DE37B5E2694E0B0005FC562 /* segments.raw */ = {isa = PBXFileReference; fileEncoding = 4; lastKnownFileType = text; path = segments.raw; sourceTree = "<group>"; };
		9DE37B5F2694E0B0005FC562 /* scorpion.raw */ = {isa = PBXFileReference; fileEncoding = 4; lastKnownFileType = text; path = scorpion.raw; sourceTree = "<group>"; };
		9DE37B602694E0B0005FC562 /* death.raw */ = {isa = PBXFileReference; lastKnownFileType = file; path = death.raw; sourceTree = "<group>"; };
		9DE37B612694E0B0005FC562 /* kill.raw */ = {isa = PBXFileReference; fileEncoding = 4; lastKnownFileType = text; path = kill.raw; sourceTree = "<group>"; };
		9DE37B622694E0B0005FC562 /* spider.raw */ = {isa = PBXFileReference; fileEncoding = 4; lastKnownFileType = text; path = spider.raw; sourceTree = "<group>"; };
		9DE37B632694E0B0005FC562 /* fire.raw */ = {isa = PBXFileReference; lastKnownFileType = file; path = fire.raw; sourceTree = "<group>"; };
		9DE37B652694E0B0005FC562 /* extralife.wav */ = {isa = PBXFileReference; lastKnownFileType = audio.wav; path = extralife.wav; sourceTree = "<group>"; };
		9DE37B662694E0B0005FC562 /* bonus.wav */ = {isa = PBXFileReference; lastKnownFileType = audio.wav; path = bonus.wav; sourceTree = "<group>"; };
		9DE37B672694E0B0005FC562 /* kill.wav */ = {isa = PBXFileReference; lastKnownFileType = audio.wav; path = kill.wav; sourceTree = "<group>"; };
		9DE37B682694E0B0005FC562 /* spider.wav */ = {isa = PBXFileReference; lastKnownFileType = audio.wav; path = spider.wav; sourceTree = "<group>"; };
		9DE37B692694E0B0005FC562 /* fire.wav */ = {isa = PBXFileReference; lastKnownFileType = audio.wav; path = fire.wav; sourceTree = "<group>"; };
		9DE37B6A2694E0B0005FC562 /* segments.wav */ = {isa = PBXFileReference; lastKnownFileType = audio.wav; path = segments.wav; sourceTree = "<group>"; };
		9DE37B6B2694E0B0005FC562 /* scorpion.wav */ = {isa = PBXFileReference; lastKnownFileType = audio.wav; path = scorpion.wav; sourceTree = "<group>"; };
		9DE37B6C2694E0B0005FC562 /* createRaw */ = {isa = PBXFileReference; fileEncoding = 4; lastKnownFileType = text.script.sh; path = createRaw; sourceTree = "<group>"; };
		9DE37B6D2694E0B0005FC562 /* death.wav */ = {isa = PBXFileReference; lastKnownFileType = audio.wav; path = death.wav; sourceTree = "<group>"; };
		9DE37B6E2694E0B0005FC562 /* flea_loop_256b.wav */ = {isa = PBXFileReference; lastKnownFileType = audio.wav; path = flea_loop_256b.wav; sourceTree = "<group>"; };
		9DE37B6F2694E0B0005FC562 /* extralife.raw */ = {isa = PBXFileReference; fileEncoding = 4; lastKnownFileType = text; path = extralife.raw; sourceTree = "<group>"; };
		9DE37B702694E0B0005FC562 /* bonus.raw */ = {isa = PBXFileReference; lastKnownFileType = file; path = bonus.raw; sourceTree = "<group>"; };
		9DE37B712694E0B0005FC562 /* game.h */ = {isa = PBXFileReference; fileEncoding = 4; lastKnownFileType = sourcecode.c.h; path = game.h; sourceTree = "<group>"; };
		9DE37B722694E0B0005FC562 /* gameSound.s */ = {isa = PBXFileReference; fileEncoding = 4; lastKnownFileType = sourcecode.asm; path = gameSound.s; sourceTree = "<group>"; };
		9DE37B732694E0B0005FC562 /* genData.pl */ = {isa = PBXFileReference; fileEncoding = 4; lastKnownFileType = text.script.perl; path = genData.pl; sourceTree = "<group>"; };
		9DE37B982694E0DF005FC562 /* system601_net.2mg */ = {isa = PBXFileReference; lastKnownFileType = file; path = system601_net.2mg; sourceTree = "<group>"; };
		9DE37B9D2694E105005FC562 /* empty.2mg */ = {isa = PBXFileReference; lastKnownFileType = file; path = empty.2mg; sourceTree = "<group>"; };
/* End PBXFileReference section */

/* Begin PBXFrameworksBuildPhase section */
		9DE37AEC2694E070005FC562 /* Frameworks */ = {
			isa = PBXFrameworksBuildPhase;
			buildActionMask = 2147483647;
			files = (
			);
			runOnlyForDeploymentPostprocessing = 0;
		};
/* End PBXFrameworksBuildPhase section */

/* Begin PBXGroup section */
		9DE37ADE2694E070005FC562 = {
			isa = PBXGroup;
			children = (
				9DE37B2E2694E088005FC562 /* ACKNOWLEDGEMENTS.md */,
				9DE37B2B2694E088005FC562 /* BUGS.md */,
				9DE37B2A2694E088005FC562 /* BuGS.png */,
				9DE37B292694E088005FC562 /* LICENSE */,
				9DE37B2C2694E088005FC562 /* README.md */,
				9DE37B2D2694E088005FC562 /* TODO.md */,
				9DE37AF02694E070005FC562 /* BuGS */,
				9DE37AE62694E070005FC562 /* Products */,
			);
			sourceTree = "<group>";
		};
		9DE37AE62694E070005FC562 /* Products */ = {
			isa = PBXGroup;
			children = (
				9DE37AE52694E070005FC562 /* BuGS */,
				9DE37AE82694E070005FC562 /* BuGS.2mg */,
				9DE37AEA2694E070005FC562 /* BuGS.shk */,
				9DE37AEF2694E070005FC562 /* doNotBuild */,
			);
			name = Products;
			sourceTree = "<group>";
		};
		9DE37AF02694E070005FC562 /* BuGS */ = {
			isa = PBXGroup;
			children = (
				9DE37B492694E0B0005FC562 /* colour.s */,
				9DE37B712694E0B0005FC562 /* game.h */,
				9DE37B382694E0B0005FC562 /* game.s */,
				9DE37B452694E0B0005FC562 /* gameFlea.s */,
				9DE37B3D2694E0B0005FC562 /* gameMushroom.s */,
				9DE37B422694E0B0005FC562 /* gamePlayer.s */,
				9DE37B5B2694E0B0005FC562 /* gameScorpion.s */,
				9DE37B402694E0B0005FC562 /* gameSegments.s */,
				9DE37B3A2694E0B0005FC562 /* gameShot.s */,
				9DE37B722694E0B0005FC562 /* gameSound.s */,
				9DE37B362694E0B0005FC562 /* gameSpider.s */,
				9DE37B732694E0B0005FC562 /* genData.pl */,
				9DE37B442694E0B0005FC562 /* global.macros */,
				9DE37B3F2694E0B0005FC562 /* globals.s */,
				9DE37B372694E0B0005FC562 /* netScores.c */,
				9DE37B3E2694E0B0005FC562 /* netScores.h */,
				9DE37B332694E0B0005FC562 /* level.s */,
				9DE37B3B2694E0B0005FC562 /* loadSounds.c */,
				9DE37B3C2694E0B0005FC562 /* loadSounds.h */,
				9DE37B472694E0B0005FC562 /* main.c */,
				9DE37B392694E0B0005FC562 /* main.h */,
				9DE37B352694E0B0005FC562 /* main.rez */,
				9DE37B5A2694E0B0005FC562 /* random.s */,
				9DE37B432694E0B0005FC562 /* Read.Me.md */,
				9DE37B412694E0B0005FC562 /* score.s */,
				9DE37B482694E0B0005FC562 /* settings.c */,
				9DE37B462694E0B0005FC562 /* settings.h */,
				9DE37B342694E0B0005FC562 /* tileConvert.s */,
				9DE37B5C2694E0B0005FC562 /* sound */,
				9DE37B4A2694E0B0005FC562 /* sprites */,
				9DE37AF62694E070005FC562 /* Makefile */,
				9DE37AF82694E070005FC562 /* make */,
				9DE37B112694E070005FC562 /* Supporting Files */,
			);
			path = BuGS;
			sourceTree = "<group>";
		};
		9DE37AF82694E070005FC562 /* make */ = {
			isa = PBXGroup;
			children = (
				9DE37AF92694E070005FC562 /* config.txt */,
				9DE37AFB2694E070005FC562 /* createDiskImage */,
				9DE37AFD2694E070005FC562 /* head.mk */,
				9DE37AFF2694E070005FC562 /* launchEmulator */,
				9DE37B012694E070005FC562 /* md2teach */,
				9DE37B032694E070005FC562 /* orca-asm */,
				9DE37B052694E070005FC562 /* orca-cc */,
				9DE37B072694E070005FC562 /* orca-rez */,
				9DE37B9D2694E105005FC562 /* empty.2mg */,
				9DE37B092694E070005FC562 /* system601.2mg */,
				9DE37B982694E0DF005FC562 /* system601_net.2mg */,
				9DE37B0D2694E070005FC562 /* tar */,
				9DE37B0F2694E070005FC562 /* tail.mk */,
			);
			path = make;
			sourceTree = "<group>";
		};
		9DE37B112694E070005FC562 /* Supporting Files */ = {
			isa = PBXGroup;
			children = (
				9DE37B122694E070005FC562 /* BuGS.xcscheme */,
			);
			path = "Supporting Files";
			sourceTree = "<group>";
		};
		9DE37B4A2694E0B0005FC562 /* sprites */ = {
			isa = PBXGroup;
			children = (
				9DE37B4B2694E0B0005FC562 /* ship.s */,
				9DE37B4C2694E0B0005FC562 /* solid.s */,
				9DE37B4D2694E0B0005FC562 /* numbers.s */,
				9DE37B4E2694E0B0005FC562 /* symbols.s */,
				9DE37B4F2694E0B0005FC562 /* sprites.md */,
				9DE37B502694E0B0005FC562 /* segments.s */,
				9DE37B512694E0B0005FC562 /* fleas.s */,
				9DE37B522694E0B0005FC562 /* spiders.s */,
				9DE37B532694E0B0005FC562 /* scores.s */,
				9DE37B542694E0B0005FC562 /* explosions.s */,
				9DE37B552694E0B0005FC562 /* scorpions.s */,
				9DE37B562694E0B0005FC562 /* shot.s */,
				9DE37B572694E0B0005FC562 /* sprites.macros */,
				9DE37B582694E0B0005FC562 /* letters.s */,
				9DE37B592694E0B0005FC562 /* mushrooms.s */,
			);
			path = sprites;
			sourceTree = "<group>";
		};
		9DE37B5C2694E0B0005FC562 /* sound */ = {
			isa = PBXGroup;
			children = (
				9DE37B5D2694E0B0005FC562 /* flea.raw */,
				9DE37B5E2694E0B0005FC562 /* segments.raw */,
				9DE37B5F2694E0B0005FC562 /* scorpion.raw */,
				9DE37B602694E0B0005FC562 /* death.raw */,
				9DE37B612694E0B0005FC562 /* kill.raw */,
				9DE37B622694E0B0005FC562 /* spider.raw */,
				9DE37B632694E0B0005FC562 /* fire.raw */,
				9DE37B642694E0B0005FC562 /* sources */,
				9DE37B6F2694E0B0005FC562 /* extralife.raw */,
				9DE37B702694E0B0005FC562 /* bonus.raw */,
			);
			path = sound;
			sourceTree = "<group>";
		};
		9DE37B642694E0B0005FC562 /* sources */ = {
			isa = PBXGroup;
			children = (
				9DE37B652694E0B0005FC562 /* extralife.wav */,
				9DE37B662694E0B0005FC562 /* bonus.wav */,
				9DE37B672694E0B0005FC562 /* kill.wav */,
				9DE37B682694E0B0005FC562 /* spider.wav */,
				9DE37B692694E0B0005FC562 /* fire.wav */,
				9DE37B6A2694E0B0005FC562 /* segments.wav */,
				9DE37B6B2694E0B0005FC562 /* scorpion.wav */,
				9DE37B6C2694E0B0005FC562 /* createRaw */,
				9DE37B6D2694E0B0005FC562 /* death.wav */,
				9DE37B6E2694E0B0005FC562 /* flea_loop_256b.wav */,
			);
			path = sources;
			sourceTree = "<group>";
		};
/* End PBXGroup section */

/* Begin PBXLegacyTarget section */
		9DE37AE32694E070005FC562 /* BuGS */ = {
			isa = PBXLegacyTarget;
			buildArgumentsString = "-C BuGS $(ACTION)";
			buildConfigurationList = 9DE37B162694E070005FC562 /* Build configuration list for PBXLegacyTarget "BuGS" */;
			buildPhases = (
			);
			buildToolPath = /usr/bin/make;
			dependencies = (
			);
			name = BuGS;
			passBuildSettingsInEnvironment = 1;
			productName = BuGS;
		};
/* End PBXLegacyTarget section */

/* Begin PBXNativeTarget section */
		9DE37AE42694E070005FC562 /* Binary */ = {
			isa = PBXNativeTarget;
			buildConfigurationList = 9DE37B192694E070005FC562 /* Build configuration list for PBXNativeTarget "Binary" */;
			buildPhases = (
			);
			buildRules = (
			);
			dependencies = (
			);
			name = Binary;
			productName = Binary;
			productReference = 9DE37AE52694E070005FC562 /* BuGS */;
			productType = "com.apple.product-type.tool";
		};
		9DE37AE72694E070005FC562 /* DiskImage */ = {
			isa = PBXNativeTarget;
			buildConfigurationList = 9DE37B1C2694E070005FC562 /* Build configuration list for PBXNativeTarget "DiskImage" */;
			buildPhases = (
			);
			buildRules = (
			);
			dependencies = (
			);
			name = DiskImage;
			productName = DiskImage;
			productReference = 9DE37AE82694E070005FC562 /* BuGS.2mg */;
			productType = "com.apple.product-type.tool";
		};
		9DE37AE92694E070005FC562 /* Archive */ = {
			isa = PBXNativeTarget;
			buildConfigurationList = 9DE37B1F2694E070005FC562 /* Build configuration list for PBXNativeTarget "Archive" */;
			buildPhases = (
			);
			buildRules = (
			);
			dependencies = (
			);
			name = Archive;
			productName = Archive;
			productReference = 9DE37AEA2694E070005FC562 /* BuGS.shk */;
			productType = "com.apple.product-type.tool";
		};
		9DE37AEE2694E070005FC562 /* doNotBuild */ = {
			isa = PBXNativeTarget;
			buildConfigurationList = 9DE37B222694E070005FC562 /* Build configuration list for PBXNativeTarget "doNotBuild" */;
			buildPhases = (
				9DE37AEB2694E070005FC562 /* Sources */,
				9DE37AEC2694E070005FC562 /* Frameworks */,
				9DE37AED2694E070005FC562 /* CopyFiles */,
			);
			buildRules = (
			);
			dependencies = (
			);
			name = doNotBuild;
			productName = doNotBuild;
			productReference = 9DE37AEF2694E070005FC562 /* doNotBuild */;
			productType = "com.apple.product-type.tool";
		};
/* End PBXNativeTarget section */

/* Begin PBXProject section */
		9DE37ADF2694E070005FC562 /* Project object */ = {
			isa = PBXProject;
			attributes = {
				LastUpgradeCheck = 1240;
				TargetAttributes = {
					9DE37AE32694E070005FC562 = {
						CreatedOnToolsVersion = 12.4;
					};
					9DE37AE42694E070005FC562 = {
						CreatedOnToolsVersion = 12.4;
					};
					9DE37AE72694E070005FC562 = {
						CreatedOnToolsVersion = 12.4;
					};
					9DE37AE92694E070005FC562 = {
						CreatedOnToolsVersion = 12.4;
					};
					9DE37AEE2694E070005FC562 = {
						CreatedOnToolsVersion = 12.4;
					};
				};
			};
			buildConfigurationList = 9DE37AE22694E070005FC562 /* Build configuration list for PBXProject "BuGS" */;
			compatibilityVersion = "Xcode 9.3";
			developmentRegion = en;
			hasScannedForEncodings = 0;
			knownRegions = (
				en,
				Base,
			);
			mainGroup = 9DE37ADE2694E070005FC562;
			productRefGroup = 9DE37AE62694E070005FC562 /* Products */;
			projectDirPath = "";
			projectRoot = "";
			targets = (
				9DE37AE32694E070005FC562 /* BuGS */,
				9DE37AE42694E070005FC562 /* Binary */,
				9DE37AE72694E070005FC562 /* DiskImage */,
				9DE37AE92694E070005FC562 /* Archive */,
				9DE37AEE2694E070005FC562 /* doNotBuild */,
			);
		};
/* End PBXProject section */

/* Begin PBXSourcesBuildPhase section */
		9DE37AEB2694E070005FC562 /* Sources */ = {
			isa = PBXSourcesBuildPhase;
			buildActionMask = 2147483647;
			files = (
				9DE37B892694E0B0005FC562 /* fleas.s in Sources */,
				9DE37B912694E0B0005FC562 /* random.s in Sources */,
				9DE37B832694E0B0005FC562 /* colour.s in Sources */,
				9DE37B842694E0B0005FC562 /* ship.s in Sources */,
				9DE37B8F2694E0B0005FC562 /* letters.s in Sources */,
				9DE37B7E2694E0B0005FC562 /* score.s in Sources */,
				9DE37B8A2694E0B0005FC562 /* spiders.s in Sources */,
				9DE37B8E2694E0B0005FC562 /* shot.s in Sources */,
				9DE37B802694E0B0005FC562 /* gameFlea.s in Sources */,
				9DE37B7F2694E0B0005FC562 /* gamePlayer.s in Sources */,
				9DE37B882694E0B0005FC562 /* segments.s in Sources */,
				9DE37B7B2694E0B0005FC562 /* gameMushroom.s in Sources */,
				9DE37B742694E0B0005FC562 /* level.s in Sources */,
				9DE37B812694E0B0005FC562 /* main.c in Sources */,
				9DE37B7D2694E0B0005FC562 /* gameSegments.s in Sources */,
				9DE37B7A2694E0B0005FC562 /* loadSounds.c in Sources */,
				9DE37AF72694E070005FC562 /* Makefile in Sources */,
				9DE37B852694E0B0005FC562 /* solid.s in Sources */,
				9DE37B7C2694E0B0005FC562 /* globals.s in Sources */,
				9DE37B872694E0B0005FC562 /* symbols.s in Sources */,
				9DE37B772694E0B0005FC562 /* netScores.c in Sources */,
				9DE37B8B2694E0B0005FC562 /* scores.s in Sources */,
				9DE37B932694E0B0005FC562 /* gameSound.s in Sources */,
				9DE37B922694E0B0005FC562 /* gameScorpion.s in Sources */,
				9DE37B762694E0B0005FC562 /* gameSpider.s in Sources */,
				9DE37B822694E0B0005FC562 /* settings.c in Sources */,
				9DE37B902694E0B0005FC562 /* mushrooms.s in Sources */,
				9DE37B8C2694E0B0005FC562 /* explosions.s in Sources */,
				9DE37B8D2694E0B0005FC562 /* scorpions.s in Sources */,
				9DE37B752694E0B0005FC562 /* tileConvert.s in Sources */,
				9DE37B792694E0B0005FC562 /* gameShot.s in Sources */,
				9DE37B862694E0B0005FC562 /* numbers.s in Sources */,
				9DE37B782694E0B0005FC562 /* game.s in Sources */,
			);
			runOnlyForDeploymentPostprocessing = 0;
		};
/* End PBXSourcesBuildPhase section */

/* Begin XCBuildConfiguration section */
		9DE37B142694E070005FC562 /* Debug */ = {
			isa = XCBuildConfiguration;
			buildSettings = {
				ALWAYS_SEARCH_USER_PATHS = NO;
				CLANG_ANALYZER_NONNULL = YES;
				CLANG_ANALYZER_NUMBER_OBJECT_CONVERSION = YES_AGGRESSIVE;
				CLANG_CXX_LANGUAGE_STANDARD = "gnu++14";
				CLANG_CXX_LIBRARY = "libc++";
				CLANG_ENABLE_MODULES = YES;
				CLANG_ENABLE_OBJC_ARC = YES;
				CLANG_ENABLE_OBJC_WEAK = YES;
				CLANG_WARN_BLOCK_CAPTURE_AUTORELEASING = YES;
				CLANG_WARN_BOOL_CONVERSION = YES;
				CLANG_WARN_COMMA = YES;
				CLANG_WARN_CONSTANT_CONVERSION = YES;
				CLANG_WARN_DEPRECATED_OBJC_IMPLEMENTATIONS = YES;
				CLANG_WARN_DIRECT_OBJC_ISA_USAGE = YES_ERROR;
				CLANG_WARN_DOCUMENTATION_COMMENTS = YES;
				CLANG_WARN_EMPTY_BODY = YES;
				CLANG_WARN_ENUM_CONVERSION = YES;
				CLANG_WARN_INFINITE_RECURSION = YES;
				CLANG_WARN_INT_CONVERSION = YES;
				CLANG_WARN_NON_LITERAL_NULL_CONVERSION = YES;
				CLANG_WARN_OBJC_IMPLICIT_RETAIN_SELF = YES;
				CLANG_WARN_OBJC_LITERAL_CONVERSION = YES;
				CLANG_WARN_OBJC_ROOT_CLASS = YES_ERROR;
				CLANG_WARN_QUOTED_INCLUDE_IN_FRAMEWORK_HEADER = YES;
				CLANG_WARN_RANGE_LOOP_ANALYSIS = YES;
				CLANG_WARN_STRICT_PROTOTYPES = YES;
				CLANG_WARN_SUSPICIOUS_MOVE = YES;
				CLANG_WARN_UNGUARDED_AVAILABILITY = YES_AGGRESSIVE;
				CLANG_WARN_UNREACHABLE_CODE = YES;
				CLANG_WARN__DUPLICATE_METHOD_MATCH = YES;
				COPY_PHASE_STRIP = NO;
				DEBUG_INFORMATION_FORMAT = dwarf;
				ENABLE_STRICT_OBJC_MSGSEND = YES;
				ENABLE_TESTABILITY = YES;
				GCC_C_LANGUAGE_STANDARD = gnu11;
				GCC_DYNAMIC_NO_PIC = NO;
				GCC_NO_COMMON_BLOCKS = YES;
				GCC_OPTIMIZATION_LEVEL = 0;
				GCC_PREPROCESSOR_DEFINITIONS = (
					"DEBUG=1",
					"$(inherited)",
				);
				GCC_WARN_64_TO_32_BIT_CONVERSION = YES;
				GCC_WARN_ABOUT_RETURN_TYPE = YES_ERROR;
				GCC_WARN_UNDECLARED_SELECTOR = YES;
				GCC_WARN_UNINITIALIZED_AUTOS = YES_AGGRESSIVE;
				GCC_WARN_UNUSED_FUNCTION = YES;
				GCC_WARN_UNUSED_VARIABLE = YES;
				MTL_ENABLE_DEBUG_INFO = INCLUDE_SOURCE;
				MTL_FAST_MATH = YES;
				ONLY_ACTIVE_ARCH = YES;
			};
			name = Debug;
		};
		9DE37B152694E070005FC562 /* Release */ = {
			isa = XCBuildConfiguration;
			buildSettings = {
				ALWAYS_SEARCH_USER_PATHS = NO;
				CLANG_ANALYZER_NONNULL = YES;
				CLANG_ANALYZER_NUMBER_OBJECT_CONVERSION = YES_AGGRESSIVE;
				CLANG_CXX_LANGUAGE_STANDARD = "gnu++14";
				CLANG_CXX_LIBRARY = "libc++";
				CLANG_ENABLE_MODULES = YES;
				CLANG_ENABLE_OBJC_ARC = YES;
				CLANG_ENABLE_OBJC_WEAK = YES;
				CLANG_WARN_BLOCK_CAPTURE_AUTORELEASING = YES;
				CLANG_WARN_BOOL_CONVERSION = YES;
				CLANG_WARN_COMMA = YES;
				CLANG_WARN_CONSTANT_CONVERSION = YES;
				CLANG_WARN_DEPRECATED_OBJC_IMPLEMENTATIONS = YES;
				CLANG_WARN_DIRECT_OBJC_ISA_USAGE = YES_ERROR;
				CLANG_WARN_DOCUMENTATION_COMMENTS = YES;
				CLANG_WARN_EMPTY_BODY = YES;
				CLANG_WARN_ENUM_CONVERSION = YES;
				CLANG_WARN_INFINITE_RECURSION = YES;
				CLANG_WARN_INT_CONVERSION = YES;
				CLANG_WARN_NON_LITERAL_NULL_CONVERSION = YES;
				CLANG_WARN_OBJC_IMPLICIT_RETAIN_SELF = YES;
				CLANG_WARN_OBJC_LITERAL_CONVERSION = YES;
				CLANG_WARN_OBJC_ROOT_CLASS = YES_ERROR;
				CLANG_WARN_QUOTED_INCLUDE_IN_FRAMEWORK_HEADER = YES;
				CLANG_WARN_RANGE_LOOP_ANALYSIS = YES;
				CLANG_WARN_STRICT_PROTOTYPES = YES;
				CLANG_WARN_SUSPICIOUS_MOVE = YES;
				CLANG_WARN_UNGUARDED_AVAILABILITY = YES_AGGRESSIVE;
				CLANG_WARN_UNREACHABLE_CODE = YES;
				CLANG_WARN__DUPLICATE_METHOD_MATCH = YES;
				COPY_PHASE_STRIP = NO;
				DEBUG_INFORMATION_FORMAT = "dwarf-with-dsym";
				ENABLE_NS_ASSERTIONS = NO;
				ENABLE_STRICT_OBJC_MSGSEND = YES;
				GCC_C_LANGUAGE_STANDARD = gnu11;
				GCC_NO_COMMON_BLOCKS = YES;
				GCC_WARN_64_TO_32_BIT_CONVERSION = YES;
				GCC_WARN_ABOUT_RETURN_TYPE = YES_ERROR;
				GCC_WARN_UNDECLARED_SELECTOR = YES;
				GCC_WARN_UNINITIALIZED_AUTOS = YES_AGGRESSIVE;
				GCC_WARN_UNUSED_FUNCTION = YES;
				GCC_WARN_UNUSED_VARIABLE = YES;
				MTL_ENABLE_DEBUG_INFO = NO;
				MTL_FAST_MATH = YES;
			};
			name = Release;
		};
		9DE37B172694E070005FC562 /* Debug */ = {
			isa = XCBuildConfiguration;
			buildSettings = {
				CODE_SIGN_STYLE = Automatic;
				DEBUGGING_SYMBOLS = YES;
				DEBUG_INFORMATION_FORMAT = dwarf;
				DEVELOPMENT_TEAM = VD9FGCW36C;
				GCC_GENERATE_DEBUGGING_SYMBOLS = YES;
				GCC_OPTIMIZATION_LEVEL = 0;
				OTHER_CFLAGS = "";
				OTHER_LDFLAGS = "";
				PRODUCT_NAME = "$(TARGET_NAME)";
			};
			name = Debug;
		};
		9DE37B182694E070005FC562 /* Release */ = {
			isa = XCBuildConfiguration;
			buildSettings = {
				CODE_SIGN_STYLE = Automatic;
				DEBUG_INFORMATION_FORMAT = "dwarf-with-dsym";
				DEVELOPMENT_TEAM = VD9FGCW36C;
				OTHER_CFLAGS = "";
				OTHER_LDFLAGS = "";
				PRODUCT_NAME = "$(TARGET_NAME)";
			};
			name = Release;
		};
		9DE37B1A2694E070005FC562 /* Debug */ = {
			isa = XCBuildConfiguration;
			buildSettings = {
				CODE_SIGN_STYLE = Automatic;
				DEVELOPMENT_TEAM = VD9FGCW36C;
				ENABLE_HARDENED_RUNTIME = YES;
				PRODUCT_NAME = BuGS;
			};
			name = Debug;
		};
		9DE37B1B2694E070005FC562 /* Release */ = {
			isa = XCBuildConfiguration;
			buildSettings = {
				CODE_SIGN_STYLE = Automatic;
				DEVELOPMENT_TEAM = VD9FGCW36C;
				ENABLE_HARDENED_RUNTIME = YES;
				PRODUCT_NAME = BuGS;
			};
			name = Release;
		};
		9DE37B1D2694E070005FC562 /* Debug */ = {
			isa = XCBuildConfiguration;
			buildSettings = {
				CODE_SIGN_STYLE = Automatic;
				DEVELOPMENT_TEAM = VD9FGCW36C;
				ENABLE_HARDENED_RUNTIME = YES;
				PRODUCT_NAME = BuGS.2mg;
			};
			name = Debug;
		};
		9DE37B1E2694E070005FC562 /* Release */ = {
			isa = XCBuildConfiguration;
			buildSettings = {
				CODE_SIGN_STYLE = Automatic;
				DEVELOPMENT_TEAM = VD9FGCW36C;
				ENABLE_HARDENED_RUNTIME = YES;
				PRODUCT_NAME = BuGS.2mg;
			};
			name = Release;
		};
		9DE37B202694E070005FC562 /* Debug */ = {
			isa = XCBuildConfiguration;
			buildSettings = {
				CODE_SIGN_STYLE = Automatic;
				DEVELOPMENT_TEAM = VD9FGCW36C;
				ENABLE_HARDENED_RUNTIME = YES;
				PRODUCT_NAME = BuGS.shk;
			};
			name = Debug;
		};
		9DE37B212694E070005FC562 /* Release */ = {
			isa = XCBuildConfiguration;
			buildSettings = {
				CODE_SIGN_STYLE = Automatic;
				DEVELOPMENT_TEAM = VD9FGCW36C;
				ENABLE_HARDENED_RUNTIME = YES;
				PRODUCT_NAME = BuGS.shk;
			};
			name = Release;
		};
		9DE37B232694E070005FC562 /* Debug */ = {
			isa = XCBuildConfiguration;
			buildSettings = {
				CODE_SIGN_STYLE = Automatic;
				DEVELOPMENT_TEAM = VD9FGCW36C;
				ENABLE_HARDENED_RUNTIME = YES;
				GCC_PREPROCESSOR_DEFINITIONS = (
					"inline(X,Y)=\"\"\n",
					"extended=double\n",
					"pascal=\"\"",
				);
				HEADER_SEARCH_PATHS = (
					"$TEMP_ROOT/BuGS.build/$CONFIGURATION/BuGS.build/DerivedSources\n",
					"$GOLDEN_GATE/Libraries/ORCACDefs\n",
					"~/Library/GoldenGate/Libraries/ORCACDefs\n",
					"/Library/GoldenGate/Libraries/ORCACDefs\n",
					"~/GoldenGate/Libraries/ORCACDefs",
				);
				PRODUCT_NAME = doNotBuild;
			};
			name = Debug;
		};
		9DE37B242694E070005FC562 /* Release */ = {
			isa = XCBuildConfiguration;
			buildSettings = {
				CODE_SIGN_STYLE = Automatic;
				DEVELOPMENT_TEAM = VD9FGCW36C;
				ENABLE_HARDENED_RUNTIME = YES;
				GCC_PREPROCESSOR_DEFINITIONS = (
					"inline(X,Y)=\"\"\n",
					"extended=double\n",
					"pascal=\"\"",
				);
				HEADER_SEARCH_PATHS = (
					"$TEMP_ROOT/BuGS.build/$CONFIGURATION/BuGS.build/DerivedSources\n",
					"$GOLDEN_GATE/Libraries/ORCACDefs\n",
					"~/Library/GoldenGate/Libraries/ORCACDefs\n",
					"/Library/GoldenGate/Libraries/ORCACDefs\n",
					"~/GoldenGate/Libraries/ORCACDefs",
				);
				PRODUCT_NAME = doNotBuild;
			};
			name = Release;
		};
/* End XCBuildConfiguration section */

/* Begin XCConfigurationList section */
		9DE37AE22694E070005FC562 /* Build configuration list for PBXProject "BuGS" */ = {
			isa = XCConfigurationList;
			buildConfigurations = (
				9DE37B142694E070005FC562 /* Debug */,
				9DE37B152694E070005FC562 /* Release */,
			);
			defaultConfigurationIsVisible = 0;
			defaultConfigurationName = Release;
		};
		9DE37B162694E070005FC562 /* Build configuration list for PBXLegacyTarget "BuGS" */ = {
			isa = XCConfigurationList;
			buildConfigurations = (
				9DE37B172694E070005FC562 /* Debug */,
				9DE37B182694E070005FC562 /* Release */,
			);
			defaultConfigurationIsVisible = 0;
			defaultConfigurationName = Release;
		};
		9DE37B192694E070005FC562 /* Build configuration list for PBXNativeTarget "Binary" */ = {
			isa = XCConfigurationList;
			buildConfigurations = (
				9DE37B1A2694E070005FC562 /* Debug */,
				9DE37B1B2694E070005FC562 /* Release */,
			);
			defaultConfigurationIsVisible = 0;
			defaultConfigurationName = Release;
		};
		9DE37B1C2694E070005FC562 /* Build configuration list for PBXNativeTarget "DiskImage" */ = {
			isa = XCConfigurationList;
			buildConfigurations = (
				9DE37B1D2694E070005FC562 /* Debug */,
				9DE37B1E2694E070005FC562 /* Release */,
			);
			defaultConfigurationIsVisible = 0;
			defaultConfigurationName = Release;
		};
		9DE37B1F2694E070005FC562 /* Build configuration list for PBXNativeTarget "Archive" */ = {
			isa = XCConfigurationList;
			buildConfigurations = (
				9DE37B202694E070005FC562 /* Debug */,
				9DE37B212694E070005FC562 /* Release */,
			);
			defaultConfigurationIsVisible = 0;
			defaultConfigurationName = Release;
		};
		9DE37B222694E070005FC562 /* Build configuration list for PBXNativeTarget "doNotBuild" */ = {
			isa = XCConfigurationList;
			buildConfigurations = (
				9DE37B232694E070005FC562 /* Debug */,
				9DE37B242694E070005FC562 /* Release */,
			);
			defaultConfigurationIsVisible = 0;
			defaultConfigurationName = Release;
		};
/* End XCConfigurationList section */
	};
	rootObject = 9DE37ADF2694E070005FC562 /* Project object */;
}
